// !$*UTF8*$!
{
	archiveVersion = 1;
	classes = {
	};
	objectVersion = 50;
	objects = {

/* Begin PBXBuildFile section */
		6F2E426721BBADDD0030A1A1 /* AppDelegate.swift in Sources */ = {isa = PBXBuildFile; fileRef = 6F2E426621BBADDD0030A1A1 /* AppDelegate.swift */; };
		6F2E426921BBADDD0030A1A1 /* ChatViewController.swift in Sources */ = {isa = PBXBuildFile; fileRef = 6F2E426821BBADDD0030A1A1 /* ChatViewController.swift */; };
		6F2E426C21BBADDD0030A1A1 /* Main.storyboard in Resources */ = {isa = PBXBuildFile; fileRef = 6F2E426A21BBADDD0030A1A1 /* Main.storyboard */; };
		6F2E426F21BBADDD0030A1A1 /* chatApp.xcdatamodeld in Sources */ = {isa = PBXBuildFile; fileRef = 6F2E426D21BBADDD0030A1A1 /* chatApp.xcdatamodeld */; };
		6F2E427121BBADE00030A1A1 /* Assets.xcassets in Resources */ = {isa = PBXBuildFile; fileRef = 6F2E427021BBADE00030A1A1 /* Assets.xcassets */; };
		6F2E427421BBADE00030A1A1 /* LaunchScreen.storyboard in Resources */ = {isa = PBXBuildFile; fileRef = 6F2E427221BBADE00030A1A1 /* LaunchScreen.storyboard */; };
		6F2E427F21BBDB9B0030A1A1 /* MyChatTableViewCell.swift in Sources */ = {isa = PBXBuildFile; fileRef = 6F2E427D21BBDB9B0030A1A1 /* MyChatTableViewCell.swift */; };
		6F2E428021BBDB9B0030A1A1 /* MyChatTableViewCell.xib in Resources */ = {isa = PBXBuildFile; fileRef = 6F2E427E21BBDB9B0030A1A1 /* MyChatTableViewCell.xib */; };
		6F2E428321BBDBB20030A1A1 /* YourChatTableViewCell.swift in Sources */ = {isa = PBXBuildFile; fileRef = 6F2E428121BBDBB20030A1A1 /* YourChatTableViewCell.swift */; };
		6F2E428421BBDBB20030A1A1 /* YourChatTableViewCell.xib in Resources */ = {isa = PBXBuildFile; fileRef = 6F2E428221BBDBB20030A1A1 /* YourChatTableViewCell.xib */; };
		6F64C5F721C6EE5200446197 /* MessageModel.swift in Sources */ = {isa = PBXBuildFile; fileRef = 6F64C5F621C6EE5200446197 /* MessageModel.swift */; };
		6F64C5F921C6F1D000446197 /* RoomModel.swift in Sources */ = {isa = PBXBuildFile; fileRef = 6F64C5F821C6F1D000446197 /* RoomModel.swift */; };
		6F64C5FB21C6F1E400446197 /* UserModel.swift in Sources */ = {isa = PBXBuildFile; fileRef = 6F64C5FA21C6F1E400446197 /* UserModel.swift */; };
		6F64C5FF21C6F99700446197 /* LocalMessageOperator.swift in Sources */ = {isa = PBXBuildFile; fileRef = 6F64C5FE21C6F99700446197 /* LocalMessageOperator.swift */; };
		6F64C60221C8458000446197 /* UserListPageViewController.swift in Sources */ = {isa = PBXBuildFile; fileRef = 6F64C60121C8458000446197 /* UserListPageViewController.swift */; };
		6F64C60421C8462C00446197 /* RoomListPageViewController.swift in Sources */ = {isa = PBXBuildFile; fileRef = 6F64C60321C8462C00446197 /* RoomListPageViewController.swift */; };
		6F8FBBCC21C27E8B0042C00B /* ChatViewModel.swift in Sources */ = {isa = PBXBuildFile; fileRef = 6F8FBBCB21C27E8B0042C00B /* ChatViewModel.swift */; };
		6F8FBBCF21C285CB0042C00B /* MasterMessageOperatorError.swift in Sources */ = {isa = PBXBuildFile; fileRef = 6F8FBBCE21C285CB0042C00B /* MasterMessageOperatorError.swift */; };
		6FDB72FF21C277E3002996A7 /* MessageManager.swift in Sources */ = {isa = PBXBuildFile; fileRef = 6FDB72FE21C277E3002996A7 /* MessageManager.swift */; };
		6FDB730121C27863002996A7 /* MasterMessageOperator.swift in Sources */ = {isa = PBXBuildFile; fileRef = 6FDB730021C27863002996A7 /* MasterMessageOperator.swift */; };
		882F2E2D3D56038F28AD3872 /* Pods_chatApp.framework in Frameworks */ = {isa = PBXBuildFile; fileRef = 2D38E230577BA002AFB979F0 /* Pods_chatApp.framework */; };
/* End PBXBuildFile section */

/* Begin PBXFileReference section */
		2D38E230577BA002AFB979F0 /* Pods_chatApp.framework */ = {isa = PBXFileReference; explicitFileType = wrapper.framework; includeInIndex = 0; path = Pods_chatApp.framework; sourceTree = BUILT_PRODUCTS_DIR; };
		320E2EE25DFF159B0BBA0C86 /* Pods-chatApp.debug.xcconfig */ = {isa = PBXFileReference; includeInIndex = 1; lastKnownFileType = text.xcconfig; name = "Pods-chatApp.debug.xcconfig"; path = "Pods/Target Support Files/Pods-chatApp/Pods-chatApp.debug.xcconfig"; sourceTree = "<group>"; };
		329B8D004839E424EAA3171B /* Pods-chatApp.release.xcconfig */ = {isa = PBXFileReference; includeInIndex = 1; lastKnownFileType = text.xcconfig; name = "Pods-chatApp.release.xcconfig"; path = "Pods/Target Support Files/Pods-chatApp/Pods-chatApp.release.xcconfig"; sourceTree = "<group>"; };
		6F2E426321BBADDD0030A1A1 /* chatApp.app */ = {isa = PBXFileReference; explicitFileType = wrapper.application; includeInIndex = 0; path = chatApp.app; sourceTree = BUILT_PRODUCTS_DIR; };
		6F2E426621BBADDD0030A1A1 /* AppDelegate.swift */ = {isa = PBXFileReference; lastKnownFileType = sourcecode.swift; path = AppDelegate.swift; sourceTree = "<group>"; };
		6F2E426821BBADDD0030A1A1 /* ChatViewController.swift */ = {isa = PBXFileReference; lastKnownFileType = sourcecode.swift; path = ChatViewController.swift; sourceTree = "<group>"; };
		6F2E426B21BBADDD0030A1A1 /* Base */ = {isa = PBXFileReference; lastKnownFileType = file.storyboard; name = Base; path = Base.lproj/Main.storyboard; sourceTree = "<group>"; };
		6F2E426E21BBADDD0030A1A1 /* chatApp.xcdatamodel */ = {isa = PBXFileReference; lastKnownFileType = wrapper.xcdatamodel; path = chatApp.xcdatamodel; sourceTree = "<group>"; };
		6F2E427021BBADE00030A1A1 /* Assets.xcassets */ = {isa = PBXFileReference; lastKnownFileType = folder.assetcatalog; path = Assets.xcassets; sourceTree = "<group>"; };
		6F2E427321BBADE00030A1A1 /* Base */ = {isa = PBXFileReference; lastKnownFileType = file.storyboard; name = Base; path = Base.lproj/LaunchScreen.storyboard; sourceTree = "<group>"; };
		6F2E427521BBADE00030A1A1 /* Info.plist */ = {isa = PBXFileReference; lastKnownFileType = text.plist.xml; path = Info.plist; sourceTree = "<group>"; };
		6F2E427D21BBDB9B0030A1A1 /* MyChatTableViewCell.swift */ = {isa = PBXFileReference; lastKnownFileType = sourcecode.swift; path = MyChatTableViewCell.swift; sourceTree = "<group>"; };
		6F2E427E21BBDB9B0030A1A1 /* MyChatTableViewCell.xib */ = {isa = PBXFileReference; lastKnownFileType = file.xib; path = MyChatTableViewCell.xib; sourceTree = "<group>"; };
		6F2E428121BBDBB20030A1A1 /* YourChatTableViewCell.swift */ = {isa = PBXFileReference; lastKnownFileType = sourcecode.swift; path = YourChatTableViewCell.swift; sourceTree = "<group>"; };
		6F2E428221BBDBB20030A1A1 /* YourChatTableViewCell.xib */ = {isa = PBXFileReference; lastKnownFileType = file.xib; path = YourChatTableViewCell.xib; sourceTree = "<group>"; };
		6F64C5F621C6EE5200446197 /* MessageModel.swift */ = {isa = PBXFileReference; lastKnownFileType = sourcecode.swift; path = MessageModel.swift; sourceTree = "<group>"; };
		6F64C5F821C6F1D000446197 /* RoomModel.swift */ = {isa = PBXFileReference; lastKnownFileType = sourcecode.swift; path = RoomModel.swift; sourceTree = "<group>"; };
		6F64C5FA21C6F1E400446197 /* UserModel.swift */ = {isa = PBXFileReference; lastKnownFileType = sourcecode.swift; path = UserModel.swift; sourceTree = "<group>"; };
		6F64C5FE21C6F99700446197 /* LocalMessageOperator.swift */ = {isa = PBXFileReference; lastKnownFileType = sourcecode.swift; path = LocalMessageOperator.swift; sourceTree = "<group>"; };
		6F64C60121C8458000446197 /* UserListPageViewController.swift */ = {isa = PBXFileReference; lastKnownFileType = sourcecode.swift; path = UserListPageViewController.swift; sourceTree = "<group>"; };
		6F64C60321C8462C00446197 /* RoomListPageViewController.swift */ = {isa = PBXFileReference; lastKnownFileType = sourcecode.swift; path = RoomListPageViewController.swift; sourceTree = "<group>"; };
		6F8FBBCB21C27E8B0042C00B /* ChatViewModel.swift */ = {isa = PBXFileReference; lastKnownFileType = sourcecode.swift; path = ChatViewModel.swift; sourceTree = "<group>"; };
		6F8FBBCE21C285CB0042C00B /* MasterMessageOperatorError.swift */ = {isa = PBXFileReference; lastKnownFileType = sourcecode.swift; path = MasterMessageOperatorError.swift; sourceTree = "<group>"; };
		6FDB72FE21C277E3002996A7 /* MessageManager.swift */ = {isa = PBXFileReference; fileEncoding = 4; lastKnownFileType = sourcecode.swift; path = MessageManager.swift; sourceTree = "<group>"; };
		6FDB730021C27863002996A7 /* MasterMessageOperator.swift */ = {isa = PBXFileReference; lastKnownFileType = sourcecode.swift; path = MasterMessageOperator.swift; sourceTree = "<group>"; };
/* End PBXFileReference section */

/* Begin PBXFrameworksBuildPhase section */
		6F2E426021BBADDD0030A1A1 /* Frameworks */ = {
			isa = PBXFrameworksBuildPhase;
			buildActionMask = 2147483647;
			files = (
				882F2E2D3D56038F28AD3872 /* Pods_chatApp.framework in Frameworks */,
			);
			runOnlyForDeploymentPostprocessing = 0;
		};
/* End PBXFrameworksBuildPhase section */

/* Begin PBXGroup section */
		5FAE9F3E4FBD2AF14A9D70F7 /* Pods */ = {
			isa = PBXGroup;
			children = (
				320E2EE25DFF159B0BBA0C86 /* Pods-chatApp.debug.xcconfig */,
				329B8D004839E424EAA3171B /* Pods-chatApp.release.xcconfig */,
			);
			name = Pods;
			sourceTree = "<group>";
		};
		6F2E425A21BBADDD0030A1A1 = {
			isa = PBXGroup;
			children = (
				6F2E426521BBADDD0030A1A1 /* chatApp */,
				6F2E426421BBADDD0030A1A1 /* Products */,
				5FAE9F3E4FBD2AF14A9D70F7 /* Pods */,
				AFC7F21E6508946F66D46FDA /* Frameworks */,
			);
			sourceTree = "<group>";
		};
		6F2E426421BBADDD0030A1A1 /* Products */ = {
			isa = PBXGroup;
			children = (
				6F2E426321BBADDD0030A1A1 /* chatApp.app */,
			);
			name = Products;
			sourceTree = "<group>";
		};
		6F2E426521BBADDD0030A1A1 /* chatApp */ = {
			isa = PBXGroup;
			children = (
				6F2E426621BBADDD0030A1A1 /* AppDelegate.swift */,
				6F2E428521BBE2890030A1A1 /* Class */,
				6F2E427C21BBD7C10030A1A1 /* View */,
				6F8FBBCD21C27E9B0042C00B /* Model */,
				6F2E427B21BBD6360030A1A1 /* ViewController */,
				6F2E426A21BBADDD0030A1A1 /* Main.storyboard */,
				6F2E427021BBADE00030A1A1 /* Assets.xcassets */,
				6F2E427221BBADE00030A1A1 /* LaunchScreen.storyboard */,
				6F2E427521BBADE00030A1A1 /* Info.plist */,
				6F2E426D21BBADDD0030A1A1 /* chatApp.xcdatamodeld */,
			);
			path = chatApp;
			sourceTree = "<group>";
		};
		6F2E427B21BBD6360030A1A1 /* ViewController */ = {
			isa = PBXGroup;
			children = (
				6F64C60121C8458000446197 /* UserListPageViewController.swift */,
				6F64C60321C8462C00446197 /* RoomListPageViewController.swift */,
				6F2E426821BBADDD0030A1A1 /* ChatViewController.swift */,
			);
			path = ViewController;
			sourceTree = "<group>";
		};
		6F2E427C21BBD7C10030A1A1 /* View */ = {
			isa = PBXGroup;
			children = (
				6F2E427D21BBDB9B0030A1A1 /* MyChatTableViewCell.swift */,
				6F2E427E21BBDB9B0030A1A1 /* MyChatTableViewCell.xib */,
				6F2E428121BBDBB20030A1A1 /* YourChatTableViewCell.swift */,
				6F2E428221BBDBB20030A1A1 /* YourChatTableViewCell.xib */,
			);
			path = View;
			sourceTree = "<group>";
		};
		6F2E428521BBE2890030A1A1 /* Class */ = {
			isa = PBXGroup;
			children = (
				6F2E428A21BBEAD70030A1A1 /* RealmModel */,
				6F64C5FC21C6F5E500446197 /* MasterDB */,
				6F64C5FD21C6F60300446197 /* LocalDB */,
				6FDB72FE21C277E3002996A7 /* MessageManager.swift */,
			);
			path = Class;
			sourceTree = "<group>";
		};
		6F2E428A21BBEAD70030A1A1 /* RealmModel */ = {
			isa = PBXGroup;
			children = (
				6F64C5FA21C6F1E400446197 /* UserModel.swift */,
				6F64C5F821C6F1D000446197 /* RoomModel.swift */,
				6F64C5F621C6EE5200446197 /* MessageModel.swift */,
			);
			path = RealmModel;
			sourceTree = "<group>";
		};
		6F64C5FC21C6F5E500446197 /* MasterDB */ = {
			isa = PBXGroup;
			children = (
				6FDB730021C27863002996A7 /* MasterMessageOperator.swift */,
				6F8FBBCE21C285CB0042C00B /* MasterMessageOperatorError.swift */,
			);
			path = MasterDB;
			sourceTree = "<group>";
		};
		6F64C5FD21C6F60300446197 /* LocalDB */ = {
			isa = PBXGroup;
			children = (
				6F64C5FE21C6F99700446197 /* LocalMessageOperator.swift */,
			);
			path = LocalDB;
			sourceTree = "<group>";
		};
		6F8FBBCD21C27E9B0042C00B /* Model */ = {
			isa = PBXGroup;
			children = (
				6F8FBBCB21C27E8B0042C00B /* ChatViewModel.swift */,
			);
			path = Model;
			sourceTree = "<group>";
		};
		AFC7F21E6508946F66D46FDA /* Frameworks */ = {
			isa = PBXGroup;
			children = (
				2D38E230577BA002AFB979F0 /* Pods_chatApp.framework */,
			);
			name = Frameworks;
			sourceTree = "<group>";
		};
/* End PBXGroup section */

/* Begin PBXNativeTarget section */
		6F2E426221BBADDD0030A1A1 /* chatApp */ = {
			isa = PBXNativeTarget;
			buildConfigurationList = 6F2E427821BBADE00030A1A1 /* Build configuration list for PBXNativeTarget "chatApp" */;
			buildPhases = (
				12CF0B5DB30A8202FCF340EA /* [CP] Check Pods Manifest.lock */,
				6F2E425F21BBADDD0030A1A1 /* Sources */,
				6F2E426021BBADDD0030A1A1 /* Frameworks */,
				6F2E426121BBADDD0030A1A1 /* Resources */,
				6301BFF91E96C5ED7A406B99 /* [CP] Embed Pods Frameworks */,
				6F64C60021C8417300446197 /* ShellScript */,
			);
			buildRules = (
			);
			dependencies = (
			);
			name = chatApp;
			productName = chatApp;
			productReference = 6F2E426321BBADDD0030A1A1 /* chatApp.app */;
			productType = "com.apple.product-type.application";
		};
/* End PBXNativeTarget section */

/* Begin PBXProject section */
		6F2E425B21BBADDD0030A1A1 /* Project object */ = {
			isa = PBXProject;
			attributes = {
				LastSwiftUpdateCheck = 1000;
				LastUpgradeCheck = 1000;
				ORGANIZATIONNAME = "yoshiki-t";
				TargetAttributes = {
					6F2E426221BBADDD0030A1A1 = {
						CreatedOnToolsVersion = 10.0;
					};
				};
			};
			buildConfigurationList = 6F2E425E21BBADDD0030A1A1 /* Build configuration list for PBXProject "chatApp" */;
			compatibilityVersion = "Xcode 9.3";
			developmentRegion = en;
			hasScannedForEncodings = 0;
			knownRegions = (
				en,
				Base,
			);
			mainGroup = 6F2E425A21BBADDD0030A1A1;
			productRefGroup = 6F2E426421BBADDD0030A1A1 /* Products */;
			projectDirPath = "";
			projectRoot = "";
			targets = (
				6F2E426221BBADDD0030A1A1 /* chatApp */,
			);
		};
/* End PBXProject section */

/* Begin PBXResourcesBuildPhase section */
		6F2E426121BBADDD0030A1A1 /* Resources */ = {
			isa = PBXResourcesBuildPhase;
			buildActionMask = 2147483647;
			files = (
				6F2E428421BBDBB20030A1A1 /* YourChatTableViewCell.xib in Resources */,
				6F2E427421BBADE00030A1A1 /* LaunchScreen.storyboard in Resources */,
				6F2E428021BBDB9B0030A1A1 /* MyChatTableViewCell.xib in Resources */,
				6F2E427121BBADE00030A1A1 /* Assets.xcassets in Resources */,
				6F2E426C21BBADDD0030A1A1 /* Main.storyboard in Resources */,
			);
			runOnlyForDeploymentPostprocessing = 0;
		};
/* End PBXResourcesBuildPhase section */

/* Begin PBXShellScriptBuildPhase section */
		12CF0B5DB30A8202FCF340EA /* [CP] Check Pods Manifest.lock */ = {
			isa = PBXShellScriptBuildPhase;
			buildActionMask = 2147483647;
			files = (
			);
			inputPaths = (
				"${PODS_PODFILE_DIR_PATH}/Podfile.lock",
				"${PODS_ROOT}/Manifest.lock",
			);
			name = "[CP] Check Pods Manifest.lock";
			outputPaths = (
				"$(DERIVED_FILE_DIR)/Pods-chatApp-checkManifestLockResult.txt",
			);
			runOnlyForDeploymentPostprocessing = 0;
			shellPath = /bin/sh;
			shellScript = "diff \"${PODS_PODFILE_DIR_PATH}/Podfile.lock\" \"${PODS_ROOT}/Manifest.lock\" > /dev/null\nif [ $? != 0 ] ; then\n    # print error to STDERR\n    echo \"error: The sandbox is not in sync with the Podfile.lock. Run 'pod install' or update your CocoaPods installation.\" >&2\n    exit 1\nfi\n# This output is used by Xcode 'outputs' to avoid re-running this script phase.\necho \"SUCCESS\" > \"${SCRIPT_OUTPUT_FILE_0}\"\n";
			showEnvVarsInLog = 0;
		};
		6301BFF91E96C5ED7A406B99 /* [CP] Embed Pods Frameworks */ = {
			isa = PBXShellScriptBuildPhase;
			buildActionMask = 2147483647;
			files = (
			);
			inputPaths = (
				"${SRCROOT}/Pods/Target Support Files/Pods-chatApp/Pods-chatApp-frameworks.sh",
				"${BUILT_PRODUCTS_DIR}/R.swift.Library/Rswift.framework",
				"${BUILT_PRODUCTS_DIR}/Realm/Realm.framework",
				"${BUILT_PRODUCTS_DIR}/RealmSwift/RealmSwift.framework",
			);
			name = "[CP] Embed Pods Frameworks";
			outputPaths = (
				"${TARGET_BUILD_DIR}/${FRAMEWORKS_FOLDER_PATH}/Rswift.framework",
				"${TARGET_BUILD_DIR}/${FRAMEWORKS_FOLDER_PATH}/Realm.framework",
				"${TARGET_BUILD_DIR}/${FRAMEWORKS_FOLDER_PATH}/RealmSwift.framework",
			);
			runOnlyForDeploymentPostprocessing = 0;
			shellPath = /bin/sh;
			shellScript = "\"${SRCROOT}/Pods/Target Support Files/Pods-chatApp/Pods-chatApp-frameworks.sh\"\n";
			showEnvVarsInLog = 0;
		};
		6F64C60021C8417300446197 /* ShellScript */ = {
			isa = PBXShellScriptBuildPhase;
			buildActionMask = 2147483647;
			files = (
			);
			inputFileListPaths = (
			);
			inputPaths = (
				"$TEMP_DIR/rswift-lastrun",
			);
			outputFileListPaths = (
			);
			outputPaths = (
				$SRCROOT/R.generated.swift,
			);
			runOnlyForDeploymentPostprocessing = 0;
			shellPath = /bin/sh;
			shellScript = "# Type a script or drag a script file from your workspace to insert its path.\n\"$PODS_ROOT/R.swift/rswift\" generate \"$SRCROOT/R.generated.swift\"\n";
		};
/* End PBXShellScriptBuildPhase section */

/* Begin PBXSourcesBuildPhase section */
		6F2E425F21BBADDD0030A1A1 /* Sources */ = {
			isa = PBXSourcesBuildPhase;
			buildActionMask = 2147483647;
			files = (
				6F2E426F21BBADDD0030A1A1 /* chatApp.xcdatamodeld in Sources */,
				6F2E428321BBDBB20030A1A1 /* YourChatTableViewCell.swift in Sources */,
				6F2E427F21BBDB9B0030A1A1 /* MyChatTableViewCell.swift in Sources */,
				6FDB730121C27863002996A7 /* MasterMessageOperator.swift in Sources */,
				6F8FBBCF21C285CB0042C00B /* MasterMessageOperatorError.swift in Sources */,
				6F64C60421C8462C00446197 /* RoomListPageViewController.swift in Sources */,
				6F64C5FF21C6F99700446197 /* LocalMessageOperator.swift in Sources */,
				6F64C60221C8458000446197 /* UserListPageViewController.swift in Sources */,
				6F64C5F921C6F1D000446197 /* RoomModel.swift in Sources */,
				6FDB72FF21C277E3002996A7 /* MessageManager.swift in Sources */,
				6F8FBBCC21C27E8B0042C00B /* ChatViewModel.swift in Sources */,
				6F64C5F721C6EE5200446197 /* MessageModel.swift in Sources */,
				6F2E426921BBADDD0030A1A1 /* ChatViewController.swift in Sources */,
				6F64C5FB21C6F1E400446197 /* UserModel.swift in Sources */,
				6F2E426721BBADDD0030A1A1 /* AppDelegate.swift in Sources */,
			);
			runOnlyForDeploymentPostprocessing = 0;
		};
/* End PBXSourcesBuildPhase section */

/* Begin PBXVariantGroup section */
		6F2E426A21BBADDD0030A1A1 /* Main.storyboard */ = {
			isa = PBXVariantGroup;
			children = (
				6F2E426B21BBADDD0030A1A1 /* Base */,
			);
			name = Main.storyboard;
			sourceTree = "<group>";
		};
		6F2E427221BBADE00030A1A1 /* LaunchScreen.storyboard */ = {
			isa = PBXVariantGroup;
			children = (
				6F2E427321BBADE00030A1A1 /* Base */,
			);
			name = LaunchScreen.storyboard;
			sourceTree = "<group>";
		};
/* End PBXVariantGroup section */

/* Begin XCBuildConfiguration section */
		6F2E427621BBADE00030A1A1 /* Debug */ = {
			isa = XCBuildConfiguration;
			buildSettings = {
				ALWAYS_SEARCH_USER_PATHS = NO;
				CLANG_ANALYZER_NONNULL = YES;
				CLANG_ANALYZER_NUMBER_OBJECT_CONVERSION = YES_AGGRESSIVE;
				CLANG_CXX_LANGUAGE_STANDARD = "gnu++14";
				CLANG_CXX_LIBRARY = "libc++";
				CLANG_ENABLE_MODULES = YES;
				CLANG_ENABLE_OBJC_ARC = YES;
				CLANG_ENABLE_OBJC_WEAK = YES;
				CLANG_WARN_BLOCK_CAPTURE_AUTORELEASING = YES;
				CLANG_WARN_BOOL_CONVERSION = YES;
				CLANG_WARN_COMMA = YES;
				CLANG_WARN_CONSTANT_CONVERSION = YES;
				CLANG_WARN_DEPRECATED_OBJC_IMPLEMENTATIONS = YES;
				CLANG_WARN_DIRECT_OBJC_ISA_USAGE = YES_ERROR;
				CLANG_WARN_DOCUMENTATION_COMMENTS = YES;
				CLANG_WARN_EMPTY_BODY = YES;
				CLANG_WARN_ENUM_CONVERSION = YES;
				CLANG_WARN_INFINITE_RECURSION = YES;
				CLANG_WARN_INT_CONVERSION = YES;
				CLANG_WARN_NON_LITERAL_NULL_CONVERSION = YES;
				CLANG_WARN_OBJC_IMPLICIT_RETAIN_SELF = YES;
				CLANG_WARN_OBJC_LITERAL_CONVERSION = YES;
				CLANG_WARN_OBJC_ROOT_CLASS = YES_ERROR;
				CLANG_WARN_RANGE_LOOP_ANALYSIS = YES;
				CLANG_WARN_STRICT_PROTOTYPES = YES;
				CLANG_WARN_SUSPICIOUS_MOVE = YES;
				CLANG_WARN_UNGUARDED_AVAILABILITY = YES_AGGRESSIVE;
				CLANG_WARN_UNREACHABLE_CODE = YES;
				CLANG_WARN__DUPLICATE_METHOD_MATCH = YES;
				CODE_SIGN_IDENTITY = "iPhone Developer";
				COPY_PHASE_STRIP = NO;
				DEBUG_INFORMATION_FORMAT = dwarf;
				ENABLE_STRICT_OBJC_MSGSEND = YES;
				ENABLE_TESTABILITY = YES;
				GCC_C_LANGUAGE_STANDARD = gnu11;
				GCC_DYNAMIC_NO_PIC = NO;
				GCC_NO_COMMON_BLOCKS = YES;
				GCC_OPTIMIZATION_LEVEL = 0;
				GCC_PREPROCESSOR_DEFINITIONS = (
					"DEBUG=1",
					"$(inherited)",
				);
				GCC_WARN_64_TO_32_BIT_CONVERSION = YES;
				GCC_WARN_ABOUT_RETURN_TYPE = YES_ERROR;
				GCC_WARN_UNDECLARED_SELECTOR = YES;
				GCC_WARN_UNINITIALIZED_AUTOS = YES_AGGRESSIVE;
				GCC_WARN_UNUSED_FUNCTION = YES;
				GCC_WARN_UNUSED_VARIABLE = YES;
				IPHONEOS_DEPLOYMENT_TARGET = 12.0;
				MTL_ENABLE_DEBUG_INFO = INCLUDE_SOURCE;
				MTL_FAST_MATH = YES;
				ONLY_ACTIVE_ARCH = YES;
				SDKROOT = iphoneos;
				SWIFT_ACTIVE_COMPILATION_CONDITIONS = DEBUG;
				SWIFT_OPTIMIZATION_LEVEL = "-Onone";
			};
			name = Debug;
		};
		6F2E427721BBADE00030A1A1 /* Release */ = {
			isa = XCBuildConfiguration;
			buildSettings = {
				ALWAYS_SEARCH_USER_PATHS = NO;
				CLANG_ANALYZER_NONNULL = YES;
				CLANG_ANALYZER_NUMBER_OBJECT_CONVERSION = YES_AGGRESSIVE;
				CLANG_CXX_LANGUAGE_STANDARD = "gnu++14";
				CLANG_CXX_LIBRARY = "libc++";
				CLANG_ENABLE_MODULES = YES;
				CLANG_ENABLE_OBJC_ARC = YES;
				CLANG_ENABLE_OBJC_WEAK = YES;
				CLANG_WARN_BLOCK_CAPTURE_AUTORELEASING = YES;
				CLANG_WARN_BOOL_CONVERSION = YES;
				CLANG_WARN_COMMA = YES;
				CLANG_WARN_CONSTANT_CONVERSION = YES;
				CLANG_WARN_DEPRECATED_OBJC_IMPLEMENTATIONS = YES;
				CLANG_WARN_DIRECT_OBJC_ISA_USAGE = YES_ERROR;
				CLANG_WARN_DOCUMENTATION_COMMENTS = YES;
				CLANG_WARN_EMPTY_BODY = YES;
				CLANG_WARN_ENUM_CONVERSION = YES;
				CLANG_WARN_INFINITE_RECURSION = YES;
				CLANG_WARN_INT_CONVERSION = YES;
				CLANG_WARN_NON_LITERAL_NULL_CONVERSION = YES;
				CLANG_WARN_OBJC_IMPLICIT_RETAIN_SELF = YES;
				CLANG_WARN_OBJC_LITERAL_CONVERSION = YES;
				CLANG_WARN_OBJC_ROOT_CLASS = YES_ERROR;
				CLANG_WARN_RANGE_LOOP_ANALYSIS = YES;
				CLANG_WARN_STRICT_PROTOTYPES = YES;
				CLANG_WARN_SUSPICIOUS_MOVE = YES;
				CLANG_WARN_UNGUARDED_AVAILABILITY = YES_AGGRESSIVE;
				CLANG_WARN_UNREACHABLE_CODE = YES;
				CLANG_WARN__DUPLICATE_METHOD_MATCH = YES;
				CODE_SIGN_IDENTITY = "iPhone Developer";
				COPY_PHASE_STRIP = NO;
				DEBUG_INFORMATION_FORMAT = "dwarf-with-dsym";
				ENABLE_NS_ASSERTIONS = NO;
				ENABLE_STRICT_OBJC_MSGSEND = YES;
				GCC_C_LANGUAGE_STANDARD = gnu11;
				GCC_NO_COMMON_BLOCKS = YES;
				GCC_WARN_64_TO_32_BIT_CONVERSION = YES;
				GCC_WARN_ABOUT_RETURN_TYPE = YES_ERROR;
				GCC_WARN_UNDECLARED_SELECTOR = YES;
				GCC_WARN_UNINITIALIZED_AUTOS = YES_AGGRESSIVE;
				GCC_WARN_UNUSED_FUNCTION = YES;
				GCC_WARN_UNUSED_VARIABLE = YES;
				IPHONEOS_DEPLOYMENT_TARGET = 12.0;
				MTL_ENABLE_DEBUG_INFO = NO;
				MTL_FAST_MATH = YES;
				SDKROOT = iphoneos;
				SWIFT_COMPILATION_MODE = wholemodule;
				SWIFT_OPTIMIZATION_LEVEL = "-O";
				VALIDATE_PRODUCT = YES;
			};
			name = Release;
		};
		6F2E427921BBADE00030A1A1 /* Debug */ = {
			isa = XCBuildConfiguration;
			baseConfigurationReference = 320E2EE25DFF159B0BBA0C86 /* Pods-chatApp.debug.xcconfig */;
			buildSettings = {
				ASSETCATALOG_COMPILER_APPICON_NAME = AppIcon;
				CODE_SIGN_STYLE = Automatic;
				INFOPLIST_FILE = chatApp/Info.plist;
				LD_RUNPATH_SEARCH_PATHS = (
					"$(inherited)",
					"@executable_path/Frameworks",
				);
				PRODUCT_BUNDLE_IDENTIFIER = "com.gmail-yoshiki.tx12252812.chatApp";
				PRODUCT_NAME = "$(TARGET_NAME)";
				SWIFT_VERSION = 4.2;
				TARGETED_DEVICE_FAMILY = "1,2";
			};
			name = Debug;
		};
		6F2E427A21BBADE00030A1A1 /* Release */ = {
			isa = XCBuildConfiguration;
			baseConfigurationReference = 329B8D004839E424EAA3171B /* Pods-chatApp.release.xcconfig */;
			buildSettings = {
				ASSETCATALOG_COMPILER_APPICON_NAME = AppIcon;
				CODE_SIGN_STYLE = Automatic;
				INFOPLIST_FILE = chatApp/Info.plist;
				LD_RUNPATH_SEARCH_PATHS = (
					"$(inherited)",
					"@executable_path/Frameworks",
				);
				PRODUCT_BUNDLE_IDENTIFIER = "com.gmail-yoshiki.tx12252812.chatApp";
				PRODUCT_NAME = "$(TARGET_NAME)";
				SWIFT_VERSION = 4.2;
				TARGETED_DEVICE_FAMILY = "1,2";
			};
			name = Release;
		};
/* End XCBuildConfiguration section */

/* Begin XCConfigurationList section */
		6F2E425E21BBADDD0030A1A1 /* Build configuration list for PBXProject "chatApp" */ = {
			isa = XCConfigurationList;
			buildConfigurations = (
				6F2E427621BBADE00030A1A1 /* Debug */,
				6F2E427721BBADE00030A1A1 /* Release */,
			);
			defaultConfigurationIsVisible = 0;
			defaultConfigurationName = Release;
		};
		6F2E427821BBADE00030A1A1 /* Build configuration list for PBXNativeTarget "chatApp" */ = {
			isa = XCConfigurationList;
			buildConfigurations = (
				6F2E427921BBADE00030A1A1 /* Debug */,
				6F2E427A21BBADE00030A1A1 /* Release */,
			);
			defaultConfigurationIsVisible = 0;
			defaultConfigurationName = Release;
		};
/* End XCConfigurationList section */

/* Begin XCVersionGroup section */
		6F2E426D21BBADDD0030A1A1 /* chatApp.xcdatamodeld */ = {
			isa = XCVersionGroup;
			children = (
				6F2E426E21BBADDD0030A1A1 /* chatApp.xcdatamodel */,
			);
			currentVersion = 6F2E426E21BBADDD0030A1A1 /* chatApp.xcdatamodel */;
			path = chatApp.xcdatamodeld;
			sourceTree = "<group>";
			versionGroupType = wrapper.xcdatamodel;
		};
/* End XCVersionGroup section */
	};
	rootObject = 6F2E425B21BBADDD0030A1A1 /* Project object */;
}
